
Microsoft Visual Studio Solution File, Format Version 12.00
# Visual Studio 2013
VisualStudioVersion = 12.0.21005.1
MinimumVisualStudioVersion = 10.0.40219.1
Project("{FAE04EC0-301F-11D3-BF4B-00C04F79EFBC}") = "CentralitaHerencia", "CentralitaHerencia\CentralitaHerencia.csproj", "{9EBAFF33-31C7-48CD-B827-F3EF6E5BAD50}"
EndProject
Project("{FAE04EC0-301F-11D3-BF4B-00C04F79EFBC}") = "CentralitaPolimorfismo", "CentralitaPolimorfismo\CentralitaPolimorfismo.csproj", "{2CB710A5-CC10-4719-890E-D847A6136A42}"
EndProject
Global
	GlobalSection(SolutionConfigurationPlatforms) = preSolution
		Debug|Any CPU = Debug|Any CPU
		Release|Any CPU = Release|Any CPU
	EndGlobalSection
	GlobalSection(ProjectConfigurationPlatforms) = postSolution
		{9EBAFF33-31C7-48CD-B827-F3EF6E5BAD50}.Debug|Any CPU.ActiveCfg = Debug|Any CPU
		{9EBAFF33-31C7-48CD-B827-F3EF6E5BAD50}.Debug|Any CPU.Build.0 = Debug|Any CPU
		{9EBAFF33-31C7-48CD-B827-F3EF6E5BAD50}.Release|Any CPU.ActiveCfg = Release|Any CPU
		{9EBAFF33-31C7-48CD-B827-F3EF6E5BAD50}.Release|Any CPU.Build.0 = Release|Any CPU
		{2CB710A5-CC10-4719-890E-D847A6136A42}.Debug|Any CPU.ActiveCfg = Debug|Any CPU
		{2CB710A5-CC10-4719-890E-D847A6136A42}.Debug|Any CPU.Build.0 = Debug|Any CPU
		{2CB710A5-CC10-4719-890E-D847A6136A42}.Release|Any CPU.ActiveCfg = Release|Any CPU
		{2CB710A5-CC10-4719-890E-D847A6136A42}.Release|Any CPU.Build.0 = Release|Any CPU
	EndGlobalSection
	GlobalSection(SolutionProperties) = preSolution
		HideSolutionNode = FALSE
	EndGlobalSection
EndGlobal
